
Microsoft Visual Studio Solution File, Format Version 12.00
Project("{FAE04EC0-301F-11D3-BF4B-00C04F79EFBC}") = "assms.api", "assms.api\assms.api.csproj", "{0847976F-51E4-4C7E-A799-DF4248D26790}"
EndProject
Project("{2150E333-8FDC-42A3-9474-1A3956D46DE8}") = "Solution Items", "Solution Items", "{42532E7C-438D-4F88-9DDF-63DE47ABC6D8}"
	ProjectSection(SolutionItems) = preProject
		assms.pipeline.yml = assms.pipeline.yml
		deploy-template.yml = deploy-template.yml
		discord-template.yml = discord-template.yml
		docker-compose.yaml = docker-compose.yaml
		migrations-template.yml = migrations-template.yml
		tests-template.yml = tests-template.yml
	EndProjectSection
EndProject
Project("{FAE04EC0-301F-11D3-BF4B-00C04F79EFBC}") = "assms.entities", "assms.entities\assms.entities.csproj", "{303A8328-A745-4E00-AD4C-DA810D3B2F1F}"
EndProject
Project("{FAE04EC0-301F-11D3-BF4B-00C04F79EFBC}") = "assms.test", "assms.test\assms.test.csproj", "{F76FE414-AE10-4497-BA44-045FA47B9AF9}"
EndProject
Global
	GlobalSection(SolutionConfigurationPlatforms) = preSolution
		Debug|Any CPU = Debug|Any CPU
		Release|Any CPU = Release|Any CPU
	EndGlobalSection
	GlobalSection(ProjectConfigurationPlatforms) = postSolution
		{0847976F-51E4-4C7E-A799-DF4248D26790}.Debug|Any CPU.ActiveCfg = Debug|Any CPU
		{0847976F-51E4-4C7E-A799-DF4248D26790}.Debug|Any CPU.Build.0 = Debug|Any CPU
		{0847976F-51E4-4C7E-A799-DF4248D26790}.Release|Any CPU.ActiveCfg = Release|Any CPU
		{0847976F-51E4-4C7E-A799-DF4248D26790}.Release|Any CPU.Build.0 = Release|Any CPU
		{303A8328-A745-4E00-AD4C-DA810D3B2F1F}.Debug|Any CPU.ActiveCfg = Debug|Any CPU
		{303A8328-A745-4E00-AD4C-DA810D3B2F1F}.Debug|Any CPU.Build.0 = Debug|Any CPU
		{303A8328-A745-4E00-AD4C-DA810D3B2F1F}.Release|Any CPU.ActiveCfg = Release|Any CPU
		{303A8328-A745-4E00-AD4C-DA810D3B2F1F}.Release|Any CPU.Build.0 = Release|Any CPU
		{F76FE414-AE10-4497-BA44-045FA47B9AF9}.Debug|Any CPU.ActiveCfg = Debug|Any CPU
		{F76FE414-AE10-4497-BA44-045FA47B9AF9}.Debug|Any CPU.Build.0 = Debug|Any CPU
		{F76FE414-AE10-4497-BA44-045FA47B9AF9}.Release|Any CPU.ActiveCfg = Release|Any CPU
		{F76FE414-AE10-4497-BA44-045FA47B9AF9}.Release|Any CPU.Build.0 = Release|Any CPU
	EndGlobalSection
EndGlobal
